<?xml version="1.0" encoding="utf-8"?>
<Project ToolsVersion="4.0" xmlns="http://schemas.microsoft.com/developer/msbuild/2003">
  <ItemGroup>
    <Filter Include="Source Files">
      <UniqueIdentifier>{4FC737F1-C7A5-4376-A066-2A32D752A2FF}</UniqueIdentifier>
      <Extensions>cpp;c;cc;cxx;def;odl;idl;hpj;bat;asm;asmx</Extensions>
    </Filter>
    <Filter Include="Resource Files">
      <UniqueIdentifier>{67DA6AB6-F800-4c08-8B7A-83BB121AAD01}</UniqueIdentifier>
      <Extensions>rc;ico;cur;bmp;dlg;rc2;rct;bin;rgs;gif;jpg;jpeg;jpe;resx;tiff;tif;png;wav;mfcribbon-ms</Extensions>
    </Filter>
    <Filter Include="Source Files\util">
      <UniqueIdentifier>{4836070b-8a18-4465-9962-1a46244b72bf}</UniqueIdentifier>
    </Filter>
    <Filter Include="Source Files\render">
      <UniqueIdentifier>{7fe10a7f-fca0-495e-8a4f-960d4ff93baa}</UniqueIdentifier>
    </Filter>
    <Filter Include="Source Files\render\lodepng">
      <UniqueIdentifier>{b1fb83c9-9ae9-4e7e-8e55-241d832aaef3}</UniqueIdentifier>
    </Filter>
    <Filter Include="Source Files\util\json">
      <UniqueIdentifier>{16862341-2e86-4403-b0b7-30200d772592}</UniqueIdentifier>
    </Filter>
    <Filter Include="Source Files\anim">
      <UniqueIdentifier>{b2d91f01-371f-4b11-9c32-53e41d5338b7}</UniqueIdentifier>
    </Filter>
    <Filter Include="Source Files\sim">
      <UniqueIdentifier>{6205d514-056e-4364-a26e-9443b4d0ce5b}</UniqueIdentifier>
    </Filter>
    <Filter Include="Source Files\scenes">
      <UniqueIdentifier>{35a13702-7d59-461e-903f-63444de3a53a}</UniqueIdentifier>
    </Filter>
  </ItemGroup>
  <ItemGroup>
    <ClCompile Include="util\FileUtil.cpp">
      <Filter>Source Files\util</Filter>
    </ClCompile>
    <ClCompile Include="util\IndexManager.cpp">
      <Filter>Source Files\util</Filter>
    </ClCompile>
    <ClCompile Include="util\JsonUtil.cpp">
      <Filter>Source Files\util</Filter>
    </ClCompile>
    <ClCompile Include="util\MathUtil.cpp">
      <Filter>Source Files\util</Filter>
    </ClCompile>
    <ClCompile Include="util\Rand.cpp">
      <Filter>Source Files\util</Filter>
    </ClCompile>
    <ClCompile Include="util\Trajectory.cpp">
      <Filter>Source Files\util</Filter>
    </ClCompile>
    <ClCompile Include="util\ArgParser.cpp">
      <Filter>Source Files\util</Filter>
    </ClCompile>
    <ClCompile Include="render\ShadowMap.cpp">
      <Filter>Source Files\render</Filter>
    </ClCompile>
    <ClCompile Include="render\TextureDesc.cpp">
      <Filter>Source Files\render</Filter>
    </ClCompile>
    <ClCompile Include="render\TextureUtil.cpp">
      <Filter>Source Files\render</Filter>
    </ClCompile>
    <ClCompile Include="render\VertexBuffer.cpp">
      <Filter>Source Files\render</Filter>
    </ClCompile>
    <ClCompile Include="render\Camera.cpp">
      <Filter>Source Files\render</Filter>
    </ClCompile>
    <ClCompile Include="render\DrawMesh.cpp">
      <Filter>Source Files\render</Filter>
    </ClCompile>
    <ClCompile Include="render\DrawUtil.cpp">
      <Filter>Source Files\render</Filter>
    </ClCompile>
    <ClCompile Include="render\GraphUtil.cpp">
      <Filter>Source Files\render</Filter>
    </ClCompile>
    <ClCompile Include="render\IBuffer.cpp">
      <Filter>Source Files\render</Filter>
    </ClCompile>
    <ClCompile Include="render\MeshUtil.cpp">
      <Filter>Source Files\render</Filter>
    </ClCompile>
    <ClCompile Include="render\Shader.cpp">
      <Filter>Source Files\render</Filter>
    </ClCompile>
    <ClCompile Include="render\lodepng\lodepng.cpp">
      <Filter>Source Files\render\lodepng</Filter>
    </ClCompile>
    <ClCompile Include="render\lodepng\lodepng_util.cpp">
      <Filter>Source Files\render\lodepng</Filter>
    </ClCompile>
    <ClCompile Include="util\json\json_reader.cpp">
      <Filter>Source Files\util\json</Filter>
    </ClCompile>
    <ClCompile Include="util\json\json_value.cpp">
      <Filter>Source Files\util\json</Filter>
    </ClCompile>
    <ClCompile Include="util\json\json_writer.cpp">
      <Filter>Source Files\util\json</Filter>
    </ClCompile>
    <ClCompile Include="scenes\Scene.cpp">
      <Filter>Source Files\scenes</Filter>
    </ClCompile>
    <ClCompile Include="scenes\DrawScene.cpp">
      <Filter>Source Files\scenes</Filter>
    </ClCompile>
    <ClCompile Include="anim\KinCharacter.cpp">
      <Filter>Source Files\anim</Filter>
    </ClCompile>
    <ClCompile Include="anim\KinTree.cpp">
      <Filter>Source Files\anim</Filter>
    </ClCompile>
    <ClCompile Include="anim\Motion.cpp">
      <Filter>Source Files\anim</Filter>
    </ClCompile>
    <ClCompile Include="anim\Character.cpp">
      <Filter>Source Files\anim</Filter>
    </ClCompile>
    <ClCompile Include="sim\SpAlg.cpp">
      <Filter>Source Files\sim</Filter>
    </ClCompile>
    <ClCompile Include="sim\RBDUtil.cpp">
      <Filter>Source Files\sim</Filter>
    </ClCompile>
    <ClCompile Include="sim\RBDModel.cpp">
      <Filter>Source Files\sim</Filter>
    </ClCompile>
    <ClCompile Include="sim\World.cpp">
      <Filter>Source Files\sim</Filter>
    </ClCompile>
    <ClCompile Include="sim\SimSphere.cpp">
      <Filter>Source Files\sim</Filter>
    </ClCompile>
    <ClCompile Include="sim\SimPlane.cpp">
      <Filter>Source Files\sim</Filter>
    </ClCompile>
    <ClCompile Include="sim\SimObj.cpp">
      <Filter>Source Files\sim</Filter>
    </ClCompile>
    <ClCompile Include="sim\SimCapsule.cpp">
      <Filter>Source Files\sim</Filter>
    </ClCompile>
    <ClCompile Include="sim\SimBox.cpp">
      <Filter>Source Files\sim</Filter>
    </ClCompile>
    <ClCompile Include="sim\Perturb.cpp">
      <Filter>Source Files\sim</Filter>
    </ClCompile>
    <ClCompile Include="sim\PDController.cpp">
      <Filter>Source Files\sim</Filter>
    </ClCompile>
    <ClCompile Include="sim\ImpPDController.cpp">
      <Filter>Source Files\sim</Filter>
    </ClCompile>
    <ClCompile Include="sim\Ground.cpp">
      <Filter>Source Files\sim</Filter>
    </ClCompile>
    <ClCompile Include="sim\ContactManager.cpp">
      <Filter>Source Files\sim</Filter>
    </ClCompile>
    <ClCompile Include="sim\GroundPlane.cpp">
      <Filter>Source Files\sim</Filter>
    </ClCompile>
    <ClCompile Include="sim\Controller.cpp">
      <Filter>Source Files\sim</Filter>
    </ClCompile>
    <ClCompile Include="sim\SimCharacter.cpp">
      <Filter>Source Files\sim</Filter>
    </ClCompile>
    <ClCompile Include="scenes\SceneSimChar.cpp">
      <Filter>Source Files\scenes</Filter>
    </ClCompile>
    <ClCompile Include="sim\SimCharGeneral.cpp">
      <Filter>Source Files\sim</Filter>
    </ClCompile>
    <ClCompile Include="render\DrawSimCharacter.cpp">
      <Filter>Source Files\render</Filter>
    </ClCompile>
    <ClCompile Include="render\DrawGround.cpp">
      <Filter>Source Files\render</Filter>
    </ClCompile>
    <ClCompile Include="render\DrawObj.cpp">
      <Filter>Source Files\render</Filter>
    </ClCompile>
    <ClCompile Include="render\DrawCharacter.cpp">
      <Filter>Source Files\render</Filter>
    </ClCompile>
    <ClCompile Include="render\DrawKinTree.cpp">
      <Filter>Source Files\render</Filter>
    </ClCompile>
    <ClCompile Include="render\DrawPerturb.cpp">
      <Filter>Source Files\render</Filter>
    </ClCompile>
    <ClCompile Include="scenes\DrawSceneSimChar.cpp">
      <Filter>Source Files\scenes</Filter>
    </ClCompile>
    <ClCompile Include="render\DrawWorld.cpp">
      <Filter>Source Files\render</Filter>
    </ClCompile>
    <ClCompile Include="sim\CharController.cpp">
      <Filter>Source Files\sim</Filter>
    </ClCompile>
    <ClCompile Include="sim\CtCtrlUtil.cpp">
      <Filter>Source Files\sim</Filter>
    </ClCompile>
    <ClCompile Include="sim\CtController.cpp">
      <Filter>Source Files\sim</Filter>
    </ClCompile>
    <ClCompile Include="sim\CtPDController.cpp">
      <Filter>Source Files\sim</Filter>
    </ClCompile>
    <ClCompile Include="sim\CtVelController.cpp">
      <Filter>Source Files\sim</Filter>
    </ClCompile>
    <ClCompile Include="scenes\DrawSceneKinChar.cpp">
      <Filter>Source Files\scenes</Filter>
    </ClCompile>
    <ClCompile Include="scenes\SceneKinChar.cpp">
      <Filter>Source Files\scenes</Filter>
    </ClCompile>
    <ClCompile Include="scenes\RLScene.cpp">
      <Filter>Source Files\scenes</Filter>
    </ClCompile>
    <ClCompile Include="scenes\DrawRLScene.cpp">
      <Filter>Source Files\scenes</Filter>
    </ClCompile>
    <ClCompile Include="scenes\SceneImitate.cpp">
      <Filter>Source Files\scenes</Filter>
    </ClCompile>
    <ClCompile Include="sim\SimCharBuilder.cpp">
      <Filter>Source Files\sim</Filter>
    </ClCompile>
    <ClCompile Include="sim\GroundBuilder.cpp">
      <Filter>Source Files\sim</Filter>
    </ClCompile>
    <ClCompile Include="scenes\SceneBuilder.cpp">
      <Filter>Source Files\scenes</Filter>
    </ClCompile>
    <ClCompile Include="scenes\DrawSceneImitate.cpp">
      <Filter>Source Files\scenes</Filter>
    </ClCompile>
    <ClCompile Include="sim\AgentRegistry.cpp">
      <Filter>Source Files\sim</Filter>
    </ClCompile>
    <ClCompile Include="scenes\RLSceneSimChar.cpp">
      <Filter>Source Files\scenes</Filter>
    </ClCompile>
    <ClCompile Include="util\Timer.cpp">
      <Filter>Source Files\util</Filter>
    </ClCompile>
    <ClCompile Include="sim\SimBodyLink.cpp">
      <Filter>Source Files\sim</Filter>
    </ClCompile>
    <ClCompile Include="sim\SimRigidBody.cpp">
      <Filter>Source Files\sim</Filter>
    </ClCompile>
    <ClCompile Include="sim\SimBodyJoint.cpp">
      <Filter>Source Files\sim</Filter>
    </ClCompile>
    <ClCompile Include="sim\MultiBody.cpp">
      <Filter>Source Files\sim</Filter>
    </ClCompile>
    <ClCompile Include="sim\SimCylinder.cpp">
      <Filter>Source Files\sim</Filter>
    </ClCompile>
    <ClCompile Include="Main.cpp">
      <Filter>Source Files</Filter>
    </ClCompile>
    <ClCompile Include="sim\ObjTracer.cpp">
      <Filter>Source Files\sim</Filter>
    </ClCompile>
    <ClCompile Include="anim\Shape.cpp">
      <Filter>Source Files\anim</Filter>
    </ClCompile>
    <ClCompile Include="sim\SimJoint.cpp">
      <Filter>Source Files\sim</Filter>
    </ClCompile>
    <ClCompile Include="util\Annealer.cpp">
      <Filter>Source Files\util</Filter>
    </ClCompile>
    <ClCompile Include="sim\ExpPDController.cpp">
      <Filter>Source Files\sim</Filter>
    </ClCompile>
    <ClCompile Include="sim\PerturbManager.cpp">
      <Filter>Source Files\sim</Filter>
    </ClCompile>
    <ClCompile Include="render\MatrixStack.cpp">
      <Filter>Source Files\render</Filter>
    </ClCompile>
    <ClCompile Include="DeepMimicCore.cpp">
      <Filter>Source Files</Filter>
    </ClCompile>
    <ClCompile Include="DeepMimicCore_wrap.cpp">
      <Filter>Source Files</Filter>
    </ClCompile>
    <ClCompile Include="sim\CtrlBuilder.cpp">
      <Filter>Source Files\sim</Filter>
    </ClCompile>
    <ClCompile Include="sim\DeepMimicCharController.cpp">
      <Filter>Source Files\sim</Filter>
    </ClCompile>
    <ClCompile Include="anim\ClipsController.cpp">
      <Filter>Source Files\anim</Filter>
    </ClCompile>
    <ClCompile Include="anim\KinController.cpp">
      <Filter>Source Files\anim</Filter>
    </ClCompile>
    <ClCompile Include="anim\MotionController.cpp">
      <Filter>Source Files\anim</Filter>
    </ClCompile>
    <ClCompile Include="anim\KinCtrlBuilder.cpp">
      <Filter>Source Files\anim</Filter>
    </ClCompile>
    <ClCompile Include="scenes\DrawSceneImitateAMP.cpp">
      <Filter>Source Files\scenes</Filter>
    </ClCompile>
    <ClCompile Include="scenes\SceneImitateAMP.cpp">
      <Filter>Source Files\scenes</Filter>
    </ClCompile>
    <ClCompile Include="util\DynamicTimeWarper.cpp">
      <Filter>Source Files\util</Filter>
    </ClCompile>
    <ClCompile Include="scenes\DrawSceneTargetAMP.cpp">
      <Filter>Source Files\scenes</Filter>
    </ClCompile>
    <ClCompile Include="scenes\SceneTargetAMP.cpp">
      <Filter>Source Files\scenes</Filter>
    </ClCompile>
    <ClCompile Include="scenes\DrawSceneHeadingAMP.cpp">
      <Filter>Source Files\scenes</Filter>
    </ClCompile>
    <ClCompile Include="scenes\SceneHeadingAMP.cpp">
      <Filter>Source Files\scenes</Filter>
    </ClCompile>
    <ClCompile Include="scenes\SceneDribbleAMP.cpp">
      <Filter>Source Files\scenes</Filter>
    </ClCompile>
    <ClCompile Include="scenes\DrawSceneDribbleAMP.cpp">
      <Filter>Source Files\scenes</Filter>
    </ClCompile>
    <ClCompile Include="scenes\SceneStrikeAMP.cpp">
      <Filter>Source Files\scenes</Filter>
    </ClCompile>
    <ClCompile Include="scenes\DrawSceneStrikeAMP.cpp">
      <Filter>Source Files\scenes</Filter>
    </ClCompile>
    <ClCompile Include="scenes\SceneHeadingAMPGetup.cpp">
      <Filter>Source Files\scenes</Filter>
    </ClCompile>
    <ClCompile Include="scenes\DrawSceneHeadingAMPGetup.cpp">
      <Filter>Source Files\scenes</Filter>
    </ClCompile>
  </ItemGroup>
  <ItemGroup>
    <ClInclude Include="util\CircularBuffer.h">
      <Filter>Source Files\util</Filter>
    </ClInclude>
    <ClInclude Include="util\FileUtil.h">
      <Filter>Source Files\util</Filter>
    </ClInclude>
    <ClInclude Include="util\IndexManager.h">
      <Filter>Source Files\util</Filter>
    </ClInclude>
    <ClInclude Include="util\JsonUtil.h">
      <Filter>Source Files\util</Filter>
    </ClInclude>
    <ClInclude Include="util\MathUtil.h">
      <Filter>Source Files\util</Filter>
    </ClInclude>
    <ClInclude Include="util\Rand.h">
      <Filter>Source Files\util</Filter>
    </ClInclude>
    <ClInclude Include="util\Trajectory.h">
      <Filter>Source Files\util</Filter>
    </ClInclude>
    <ClInclude Include="util\ArgParser.h">
      <Filter>Source Files\util</Filter>
    </ClInclude>
    <ClInclude Include="render\ShadowMap.h">
      <Filter>Source Files\render</Filter>
    </ClInclude>
    <ClInclude Include="render\TextureDesc.h">
      <Filter>Source Files\render</Filter>
    </ClInclude>
    <ClInclude Include="render\TextureUtil.h">
      <Filter>Source Files\render</Filter>
    </ClInclude>
    <ClInclude Include="render\VertexBuffer.h">
      <Filter>Source Files\render</Filter>
    </ClInclude>
    <ClInclude Include="render\Camera.h">
      <Filter>Source Files\render</Filter>
    </ClInclude>
    <ClInclude Include="render\DrawMesh.h">
      <Filter>Source Files\render</Filter>
    </ClInclude>
    <ClInclude Include="render\DrawUtil.h">
      <Filter>Source Files\render</Filter>
    </ClInclude>
    <ClInclude Include="render\GraphUtil.h">
      <Filter>Source Files\render</Filter>
    </ClInclude>
    <ClInclude Include="render\IBuffer.h">
      <Filter>Source Files\render</Filter>
    </ClInclude>
    <ClInclude Include="render\MeshUtil.h">
      <Filter>Source Files\render</Filter>
    </ClInclude>
    <ClInclude Include="render\RenderState.h">
      <Filter>Source Files\render</Filter>
    </ClInclude>
    <ClInclude Include="render\Shader.h">
      <Filter>Source Files\render</Filter>
    </ClInclude>
    <ClInclude Include="render\lodepng\lodepng.h">
      <Filter>Source Files\render\lodepng</Filter>
    </ClInclude>
    <ClInclude Include="render\lodepng\lodepng_util.h">
      <Filter>Source Files\render\lodepng</Filter>
    </ClInclude>
    <ClInclude Include="util\json\json.h">
      <Filter>Source Files\util\json</Filter>
    </ClInclude>
    <ClInclude Include="util\json\json_tool.h">
      <Filter>Source Files\util\json</Filter>
    </ClInclude>
    <ClInclude Include="util\json\reader.h">
      <Filter>Source Files\util\json</Filter>
    </ClInclude>
    <ClInclude Include="util\json\value.h">
      <Filter>Source Files\util\json</Filter>
    </ClInclude>
    <ClInclude Include="util\json\version.h">
      <Filter>Source Files\util\json</Filter>
    </ClInclude>
    <ClInclude Include="util\json\writer.h">
      <Filter>Source Files\util\json</Filter>
    </ClInclude>
    <ClInclude Include="util\json\allocator.h">
      <Filter>Source Files\util\json</Filter>
    </ClInclude>
    <ClInclude Include="util\json\assertions.h">
      <Filter>Source Files\util\json</Filter>
    </ClInclude>
    <ClInclude Include="util\json\autolink.h">
      <Filter>Source Files\util\json</Filter>
    </ClInclude>
    <ClInclude Include="util\json\config.h">
      <Filter>Source Files\util\json</Filter>
    </ClInclude>
    <ClInclude Include="util\json\features.h">
      <Filter>Source Files\util\json</Filter>
    </ClInclude>
    <ClInclude Include="util\json\forwards.h">
      <Filter>Source Files\util\json</Filter>
    </ClInclude>
    <ClInclude Include="scenes\Scene.h">
      <Filter>Source Files\scenes</Filter>
    </ClInclude>
    <ClInclude Include="scenes\DrawScene.h">
      <Filter>Source Files\scenes</Filter>
    </ClInclude>
    <ClInclude Include="anim\KinCharacter.h">
      <Filter>Source Files\anim</Filter>
    </ClInclude>
    <ClInclude Include="anim\KinTree.h">
      <Filter>Source Files\anim</Filter>
    </ClInclude>
    <ClInclude Include="anim\Motion.h">
      <Filter>Source Files\anim</Filter>
    </ClInclude>
    <ClInclude Include="anim\Character.h">
      <Filter>Source Files\anim</Filter>
    </ClInclude>
    <ClInclude Include="sim\SpAlg.h">
      <Filter>Source Files\sim</Filter>
    </ClInclude>
    <ClInclude Include="sim\RBDModel.h">
      <Filter>Source Files\sim</Filter>
    </ClInclude>
    <ClInclude Include="sim\RBDUtil.h">
      <Filter>Source Files\sim</Filter>
    </ClInclude>
    <ClInclude Include="sim\World.h">
      <Filter>Source Files\sim</Filter>
    </ClInclude>
    <ClInclude Include="sim\SimSphere.h">
      <Filter>Source Files\sim</Filter>
    </ClInclude>
    <ClInclude Include="sim\SimPlane.h">
      <Filter>Source Files\sim</Filter>
    </ClInclude>
    <ClInclude Include="sim\SimObj.h">
      <Filter>Source Files\sim</Filter>
    </ClInclude>
    <ClInclude Include="sim\SimBox.h">
      <Filter>Source Files\sim</Filter>
    </ClInclude>
    <ClInclude Include="sim\SimCapsule.h">
      <Filter>Source Files\sim</Filter>
    </ClInclude>
    <ClInclude Include="sim\Perturb.h">
      <Filter>Source Files\sim</Filter>
    </ClInclude>
    <ClInclude Include="sim\PDController.h">
      <Filter>Source Files\sim</Filter>
    </ClInclude>
    <ClInclude Include="sim\ImpPDController.h">
      <Filter>Source Files\sim</Filter>
    </ClInclude>
    <ClInclude Include="sim\Ground.h">
      <Filter>Source Files\sim</Filter>
    </ClInclude>
    <ClInclude Include="sim\ContactManager.h">
      <Filter>Source Files\sim</Filter>
    </ClInclude>
    <ClInclude Include="sim\GroundPlane.h">
      <Filter>Source Files\sim</Filter>
    </ClInclude>
    <ClInclude Include="sim\Controller.h">
      <Filter>Source Files\sim</Filter>
    </ClInclude>
    <ClInclude Include="sim\SimCharacter.h">
      <Filter>Source Files\sim</Filter>
    </ClInclude>
    <ClInclude Include="scenes\SceneSimChar.h">
      <Filter>Source Files\scenes</Filter>
    </ClInclude>
    <ClInclude Include="sim\SimCharGeneral.h">
      <Filter>Source Files\sim</Filter>
    </ClInclude>
    <ClInclude Include="render\DrawSimCharacter.h">
      <Filter>Source Files\render</Filter>
    </ClInclude>
    <ClInclude Include="render\DrawGround.h">
      <Filter>Source Files\render</Filter>
    </ClInclude>
    <ClInclude Include="render\DrawObj.h">
      <Filter>Source Files\render</Filter>
    </ClInclude>
    <ClInclude Include="render\DrawCharacter.h">
      <Filter>Source Files\render</Filter>
    </ClInclude>
    <ClInclude Include="render\DrawKinTree.h">
      <Filter>Source Files\render</Filter>
    </ClInclude>
    <ClInclude Include="render\DrawPerturb.h">
      <Filter>Source Files\render</Filter>
    </ClInclude>
    <ClInclude Include="scenes\DrawSceneSimChar.h">
      <Filter>Source Files\scenes</Filter>
    </ClInclude>
    <ClInclude Include="render\DrawWorld.h">
      <Filter>Source Files\render</Filter>
    </ClInclude>
    <ClInclude Include="sim\CharController.h">
      <Filter>Source Files\sim</Filter>
    </ClInclude>
    <ClInclude Include="sim\CtController.h">
      <Filter>Source Files\sim</Filter>
    </ClInclude>
    <ClInclude Include="sim\CtCtrlUtil.h">
      <Filter>Source Files\sim</Filter>
    </ClInclude>
    <ClInclude Include="sim\CtPDController.h">
      <Filter>Source Files\sim</Filter>
    </ClInclude>
    <ClInclude Include="sim\CtVelController.h">
      <Filter>Source Files\sim</Filter>
    </ClInclude>
    <ClInclude Include="scenes\DrawSceneKinChar.h">
      <Filter>Source Files\scenes</Filter>
    </ClInclude>
    <ClInclude Include="scenes\SceneKinChar.h">
      <Filter>Source Files\scenes</Filter>
    </ClInclude>
    <ClInclude Include="scenes\RLScene.h">
      <Filter>Source Files\scenes</Filter>
    </ClInclude>
    <ClInclude Include="scenes\DrawRLScene.h">
      <Filter>Source Files\scenes</Filter>
    </ClInclude>
    <ClInclude Include="scenes\SceneImitate.h">
      <Filter>Source Files\scenes</Filter>
    </ClInclude>
    <ClInclude Include="sim\SimCharBuilder.h">
      <Filter>Source Files\sim</Filter>
    </ClInclude>
    <ClInclude Include="sim\GroundBuilder.h">
      <Filter>Source Files\sim</Filter>
    </ClInclude>
    <ClInclude Include="scenes\SceneBuilder.h">
      <Filter>Source Files\scenes</Filter>
    </ClInclude>
    <ClInclude Include="scenes\DrawSceneImitate.h">
      <Filter>Source Files\scenes</Filter>
    </ClInclude>
    <ClInclude Include="sim\AgentRegistry.h">
      <Filter>Source Files\sim</Filter>
    </ClInclude>
    <ClInclude Include="scenes\RLSceneSimChar.h">
      <Filter>Source Files\scenes</Filter>
    </ClInclude>
    <ClInclude Include="sim\ActionSpace.h">
      <Filter>Source Files\scenes</Filter>
    </ClInclude>
    <ClInclude Include="util\Timer.h">
      <Filter>Source Files\util</Filter>
    </ClInclude>
    <ClInclude Include="sim\SimBodyLink.h">
      <Filter>Source Files\sim</Filter>
    </ClInclude>
    <ClInclude Include="sim\SimRigidBody.h">
      <Filter>Source Files\sim</Filter>
    </ClInclude>
    <ClInclude Include="sim\SimBodyJoint.h">
      <Filter>Source Files\sim</Filter>
    </ClInclude>
    <ClInclude Include="sim\MultiBody.h">
      <Filter>Source Files\sim</Filter>
    </ClInclude>
    <ClInclude Include="sim\SimCylinder.h">
      <Filter>Source Files\sim</Filter>
    </ClInclude>
    <ClInclude Include="sim\ObjTracer.h">
      <Filter>Source Files\sim</Filter>
    </ClInclude>
    <ClInclude Include="anim\Shape.h">
      <Filter>Source Files\anim</Filter>
    </ClInclude>
    <ClInclude Include="sim\SimJoint.h">
      <Filter>Source Files\sim</Filter>
    </ClInclude>
    <ClInclude Include="util\IndexBuffer.h">
      <Filter>Source Files\util</Filter>
    </ClInclude>
    <ClInclude Include="util\Annealer.h">
      <Filter>Source Files\util</Filter>
    </ClInclude>
    <ClInclude Include="render\ObjLoader.h">
      <Filter>Source Files\render</Filter>
    </ClInclude>
    <ClInclude Include="sim\ExpPDController.h">
      <Filter>Source Files\sim</Filter>
    </ClInclude>
    <ClInclude Include="sim\PerturbManager.h">
      <Filter>Source Files\sim</Filter>
    </ClInclude>
    <ClInclude Include="render\MatrixStack.h">
      <Filter>Source Files\render</Filter>
    </ClInclude>
    <ClInclude Include="DeepMimicCore.h">
      <Filter>Source Files</Filter>
    </ClInclude>
    <ClInclude Include="sim\CtrlBuilder.h">
      <Filter>Source Files\sim</Filter>
    </ClInclude>
    <ClInclude Include="sim\DeepMimicCharController.h">
      <Filter>Source Files\sim</Filter>
    </ClInclude>
    <ClInclude Include="anim\ClipsController.h">
      <Filter>Source Files\anim</Filter>
    </ClInclude>
    <ClInclude Include="anim\KinController.h">
      <Filter>Source Files\anim</Filter>
    </ClInclude>
    <ClInclude Include="anim\MotionController.h">
      <Filter>Source Files\anim</Filter>
    </ClInclude>
    <ClInclude Include="anim\KinCtrlBuilder.h">
      <Filter>Source Files\anim</Filter>
    </ClInclude>
    <ClInclude Include="scenes\DrawSceneImitateAMP.h">
      <Filter>Source Files\scenes</Filter>
    </ClInclude>
    <ClInclude Include="scenes\SceneImitateAMP.h">
      <Filter>Source Files\scenes</Filter>
    </ClInclude>
    <ClInclude Include="util\DynamicTimeWarper.h">
      <Filter>Source Files\util</Filter>
    </ClInclude>
    <ClInclude Include="scenes\DrawSceneTargetAMP.h">
      <Filter>Source Files\scenes</Filter>
    </ClInclude>
    <ClInclude Include="scenes\SceneTargetAMP.h">
      <Filter>Source Files\scenes</Filter>
    </ClInclude>
    <ClInclude Include="scenes\DrawSceneHeadingAMP.h">
      <Filter>Source Files\scenes</Filter>
    </ClInclude>
    <ClInclude Include="scenes\SceneHeadingAMP.h">
      <Filter>Source Files\scenes</Filter>
    </ClInclude>
    <ClInclude Include="scenes\SceneDribbleAMP.h">
      <Filter>Source Files\scenes</Filter>
    </ClInclude>
    <ClInclude Include="scenes\DrawSceneDribbleAMP.h">
      <Filter>Source Files\scenes</Filter>
    </ClInclude>
    <ClInclude Include="scenes\SceneStrikeAMP.h">
      <Filter>Source Files\scenes</Filter>
    </ClInclude>
    <ClInclude Include="scenes\DrawSceneStrikeAMP.h">
      <Filter>Source Files\scenes</Filter>
    </ClInclude>
    <ClInclude Include="scenes\SceneHeadingAMPGetup.h">
      <Filter>Source Files\scenes</Filter>
    </ClInclude>
    <ClInclude Include="scenes\DrawSceneHeadingAMPGetup.h">
      <Filter>Source Files\scenes</Filter>
    </ClInclude>
  </ItemGroup>
  <ItemGroup>
    <CustomBuild Include="DeepMimicCore.i" />
  </ItemGroup>
</Project>